
Microsoft Visual Studio Solution File, Format Version 12.00
# Visual Studio Version 17
VisualStudioVersion = 17.3.32728.150
MinimumVisualStudioVersion = 10.0.40219.1
Project("{FAE04EC0-301F-11D3-BF4B-00C04F79EFBC}") = "task_58", "task_58.csproj", "{06EE26C8-42A4-4455-8BE7-5C8FF2A1CF33}"
EndProject
Global
	GlobalSection(SolutionConfigurationPlatforms) = preSolution
		Debug|Any CPU = Debug|Any CPU
		Release|Any CPU = Release|Any CPU
	EndGlobalSection
	GlobalSection(ProjectConfigurationPlatforms) = postSolution
		{06EE26C8-42A4-4455-8BE7-5C8FF2A1CF33}.Debug|Any CPU.ActiveCfg = Debug|Any CPU
		{06EE26C8-42A4-4455-8BE7-5C8FF2A1CF33}.Debug|Any CPU.Build.0 = Debug|Any CPU
		{06EE26C8-42A4-4455-8BE7-5C8FF2A1CF33}.Release|Any CPU.ActiveCfg = Release|Any CPU
		{06EE26C8-42A4-4455-8BE7-5C8FF2A1CF33}.Release|Any CPU.Build.0 = Release|Any CPU
	EndGlobalSection
	GlobalSection(SolutionProperties) = preSolution
		HideSolutionNode = FALSE
	EndGlobalSection
	GlobalSection(ExtensibilityGlobals) = postSolution
		SolutionGuid = {7AC484B8-477F-48B2-B268-92F3DACA4F93}
	EndGlobalSection
EndGlobal
