
Microsoft Visual Studio Solution File, Format Version 12.00
# Visual Studio Version 17
VisualStudioVersion = 17.3.32728.150
MinimumVisualStudioVersion = 10.0.40219.1
Project("{FAE04EC0-301F-11D3-BF4B-00C04F79EFBC}") = "task_60", "task_60.csproj", "{94AF52CD-01D5-4059-B708-1BB2DE8105BF}"
EndProject
Global
	GlobalSection(SolutionConfigurationPlatforms) = preSolution
		Debug|Any CPU = Debug|Any CPU
		Release|Any CPU = Release|Any CPU
	EndGlobalSection
	GlobalSection(ProjectConfigurationPlatforms) = postSolution
		{94AF52CD-01D5-4059-B708-1BB2DE8105BF}.Debug|Any CPU.ActiveCfg = Debug|Any CPU
		{94AF52CD-01D5-4059-B708-1BB2DE8105BF}.Debug|Any CPU.Build.0 = Debug|Any CPU
		{94AF52CD-01D5-4059-B708-1BB2DE8105BF}.Release|Any CPU.ActiveCfg = Release|Any CPU
		{94AF52CD-01D5-4059-B708-1BB2DE8105BF}.Release|Any CPU.Build.0 = Release|Any CPU
	EndGlobalSection
	GlobalSection(SolutionProperties) = preSolution
		HideSolutionNode = FALSE
	EndGlobalSection
	GlobalSection(ExtensibilityGlobals) = postSolution
		SolutionGuid = {D329F93B-EF8E-4D27-A946-262DDF34CD3D}
	EndGlobalSection
EndGlobal
